<?xml version="1.0" encoding="utf-8"?>
<Project ToolsVersion="4.0" xmlns="http://schemas.microsoft.com/developer/msbuild/2003">
  <ItemGroup>
    <Filter Include="Source Files">
      <UniqueIdentifier>{4FC737F1-C7A5-4376-A066-2A32D752A2FF}</UniqueIdentifier>
      <Extensions>cpp;c;cc;cxx;def;odl;idl;hpj;bat;asm;asmx</Extensions>
    </Filter>
    <Filter Include="Header Files">
      <UniqueIdentifier>{93995380-89BD-4b04-88EB-625FBE52EBFB}</UniqueIdentifier>
      <Extensions>h;hpp;hxx;hm;inl;inc;xsd</Extensions>
    </Filter>
    <Filter Include="Resource Files">
      <UniqueIdentifier>{67DA6AB6-F800-4c08-8B7A-83BB121AAD01}</UniqueIdentifier>
      <Extensions>rc;ico;cur;bmp;dlg;rc2;rct;bin;rgs;gif;jpg;jpeg;jpe;resx;tiff;tif;png;wav;mfcribbon-ms</Extensions>
    </Filter>
    <Filter Include="Multiplayer">
      <UniqueIdentifier>{3c5c18e8-b506-4475-9e06-e4aa4555b38e}</UniqueIdentifier>
    </Filter>
    <Filter Include="GUI">
      <UniqueIdentifier>{5143ed7a-cd3b-4a57-a20f-8714d29dedc6}</UniqueIdentifier>
    </Filter>
    <Filter Include="GUI\Components">
      <UniqueIdentifier>{282494b8-dadb-41c0-8b81-69d99686116e}</UniqueIdentifier>
    </Filter>
    <Filter Include="GUI\Components\Parts">
      <UniqueIdentifier>{3f4ead83-3990-401c-b9ea-8c6d0160e7f4}</UniqueIdentifier>
    </Filter>
    <Filter Include="GUI\Components\Forms">
      <UniqueIdentifier>{eb29e839-8633-4603-913e-bc88c6794ce3}</UniqueIdentifier>
    </Filter>
  </ItemGroup>
  <ItemGroup>
    <ClInclude Include="main_menu.h">
      <Filter>Header Files</Filter>
    </ClInclude>
    <ClInclude Include="GameFunctions.h">
      <Filter>Header Files</Filter>
    </ClInclude>
    <ClInclude Include="link.h">
      <Filter>Header Files</Filter>
    </ClInclude>
    <ClInclude Include="Player.h">
      <Filter>Header Files</Filter>
    </ClInclude>
    <ClInclude Include="Interactive_object.h">
      <Filter>Header Files</Filter>
    </ClInclude>
    <ClInclude Include="Lever.h">
      <Filter>Header Files</Filter>
    </ClInclude>
    <ClInclude Include="Doors.h">
      <Filter>Header Files</Filter>
    </ClInclude>
    <ClInclude Include="Artificial_Inteligence.h">
      <Filter>Header Files</Filter>
    </ClInclude>
    <ClInclude Include="Dynamic_Object.h">
      <Filter>Header Files</Filter>
    </ClInclude>
    <ClInclude Include="Interaction_Indicator.h">
      <Filter>Header Files</Filter>
    </ClInclude>
    <ClInclude Include="NPC.h">
      <Filter>Header Files</Filter>
    </ClInclude>
    <ClInclude Include="Affection_box.h">
      <Filter>Header Files</Filter>
    </ClInclude>
    <ClInclude Include="Damage_manager.h">
      <Filter>Header Files</Filter>
    </ClInclude>
    <ClInclude Include="Multiplayer_Client.h">
      <Filter>Multiplayer</Filter>
    </ClInclude>
    <ClInclude Include="ComponentButton.h">
      <Filter>GUI\Components\Parts</Filter>
    </ClInclude>
    <ClInclude Include="GuiMainComponent.h">
      <Filter>GUI\Components</Filter>
    </ClInclude>
    <ClInclude Include="FormsManager.h">
      <Filter>GUI</Filter>
    </ClInclude>
    <ClInclude Include="ComponentTextBox.h">
      <Filter>GUI\Components\Parts</Filter>
    </ClInclude>
  </ItemGroup>
  <ItemGroup>
    <ClCompile Include="main_menu.cpp">
      <Filter>Source Files</Filter>
    </ClCompile>
    <ClCompile Include="GameFunctions.cpp">
      <Filter>Source Files</Filter>
    </ClCompile>
    <ClCompile Include="main.cpp">
      <Filter>Source Files</Filter>
    </ClCompile>
    <ClCompile Include="Shooter.cpp">
      <Filter>Source Files</Filter>
    </ClCompile>
    <ClCompile Include="Player.cpp">
      <Filter>Source Files</Filter>
    </ClCompile>
    <ClCompile Include="Doors.cpp">
      <Filter>Source Files</Filter>
    </ClCompile>
    <ClCompile Include="Interactive_object.cpp">
      <Filter>Source Files</Filter>
    </ClCompile>
    <ClCompile Include="Lever.cpp">
      <Filter>Source Files</Filter>
    </ClCompile>
    <ClCompile Include="Affection_box.cpp">
      <Filter>Source Files</Filter>
    </ClCompile>
    <ClCompile Include="Dynamic_Object.cpp">
      <Filter>Source Files</Filter>
    </ClCompile>
    <ClCompile Include="Interaction_Indicator.cpp">
      <Filter>Source Files</Filter>
    </ClCompile>
    <ClCompile Include="NPC.cpp">
      <Filter>Source Files</Filter>
    </ClCompile>
    <ClCompile Include="LevelEditor_gui.cpp">
      <Filter>Source Files</Filter>
    </ClCompile>
    <ClCompile Include="Damage_manager.cpp">
      <Filter>Source Files</Filter>
    </ClCompile>
    <ClCompile Include="Multiplayer_Client.cpp">
      <Filter>Multiplayer</Filter>
    </ClCompile>
    <ClCompile Include="Artificial_Inteligence.cpp">
      <Filter>Source Files</Filter>
    </ClCompile>
    <ClCompile Include="ComponentButton.cpp">
      <Filter>GUI\Components\Parts</Filter>
    </ClCompile>
    <ClCompile Include="GuiMainComponent.cpp">
      <Filter>GUI\Components</Filter>
    </ClCompile>
    <ClCompile Include="FormsManager.cpp">
      <Filter>GUI</Filter>
    </ClCompile>
    <ClCompile Include="ComponentTextBox.cpp">
      <Filter>GUI\Components\Parts</Filter>
    </ClCompile>
  </ItemGroup>
  <ItemGroup>
    <Text Include="Forma-PauseMenu.txt">
      <Filter>GUI\Components\Forms</Filter>
    </Text>
  </ItemGroup>
</Project>